github.com/magefile/mage v1.11.0 h1:C/55Ywp9BpgVVclD3lRnSYCwXTYxmSppIgLeDYlNuls=
github.com/magefile/mage v1.11.0/go.mod h1:z5UZb/iS3GoOSn0JgWuiw7dxlurVYTu+/jHXqQg881A=
github.com/yalue/elf_reader v1.0.0 h1:mJgyV2pk7Lm5BEfVbGrecaMLx6ZZuB/y8eAGm1Gln48=
github.com/yalue/elf_reader v1.0.0/go.mod h1:2WMcv9f54UGq8H2MU4EHstdkSl0L0v2AycubDcDtpVU=
