github.com/sad0p/go-readelf v0.0.0-20210615172807-d709d48236c8 h1:8Cx52xO0FYGMOH6359hId5jXQUYt4AxY4FOXtOvKu6Q=
github.com/sad0p/go-readelf v0.0.0-20210615172807-d709d48236c8/go.mod h1:o7Y79h2O6m70SGrQ5zzL7Xp6D/Ic+k1aGqXHpZ3xAMk=
github.com/yalue/elf_reader v1.0.0 h1:mJgyV2pk7Lm5BEfVbGrecaMLx6ZZuB/y8eAGm1Gln48=
github.com/yalue/elf_reader v1.0.0/go.mod h1:2WMcv9f54UGq8H2MU4EHstdkSl0L0v2AycubDcDtpVU=
